
Microsoft Visual Studio Solution File, Format Version 12.00
# Visual Studio Version 17
VisualStudioVersion = 17.4.33205.214
MinimumVisualStudioVersion = 10.0.40219.1
Project("{FAE04EC0-301F-11D3-BF4B-00C04F79EFBC}") = "U2-W5-D2-BACK", "U2-W5-D2-BACK\U2-W5-D2-BACK.csproj", "{87E91A02-01ED-4235-A364-5DE698408128}"
EndProject
Global
	GlobalSection(SolutionConfigurationPlatforms) = preSolution
		Debug|Any CPU = Debug|Any CPU
		Release|Any CPU = Release|Any CPU
	EndGlobalSection
	GlobalSection(ProjectConfigurationPlatforms) = postSolution
		{87E91A02-01ED-4235-A364-5DE698408128}.Debug|Any CPU.ActiveCfg = Debug|Any CPU
		{87E91A02-01ED-4235-A364-5DE698408128}.Debug|Any CPU.Build.0 = Debug|Any CPU
		{87E91A02-01ED-4235-A364-5DE698408128}.Release|Any CPU.ActiveCfg = Release|Any CPU
		{87E91A02-01ED-4235-A364-5DE698408128}.Release|Any CPU.Build.0 = Release|Any CPU
	EndGlobalSection
	GlobalSection(SolutionProperties) = preSolution
		HideSolutionNode = FALSE
	EndGlobalSection
	GlobalSection(ExtensibilityGlobals) = postSolution
		SolutionGuid = {1477A0F2-AF6E-4339-974C-0762B0240B4A}
	EndGlobalSection
EndGlobal
